
Microsoft Visual Studio Solution File, Format Version 12.00
# Visual Studio Version 17
VisualStudioVersion = 17.10.35027.167
MinimumVisualStudioVersion = 10.0.40219.1
Project("{FAE04EC0-301F-11D3-BF4B-00C04F79EFBC}") = "transFileoOrMsg", "transFileoOrMsg\transFileoOrMsg.csproj", "{DAF7250F-9DDA-48CC-83DD-62D27F643FD7}"
EndProject
Global
	GlobalSection(SolutionConfigurationPlatforms) = preSolution
		Debug|Any CPU = Debug|Any CPU
		Release|Any CPU = Release|Any CPU
	EndGlobalSection
	GlobalSection(ProjectConfigurationPlatforms) = postSolution
		{DAF7250F-9DDA-48CC-83DD-62D27F643FD7}.Debug|Any CPU.ActiveCfg = Debug|Any CPU
		{DAF7250F-9DDA-48CC-83DD-62D27F643FD7}.Debug|Any CPU.Build.0 = Debug|Any CPU
		{DAF7250F-9DDA-48CC-83DD-62D27F643FD7}.Release|Any CPU.ActiveCfg = Release|Any CPU
		{DAF7250F-9DDA-48CC-83DD-62D27F643FD7}.Release|Any CPU.Build.0 = Release|Any CPU
	EndGlobalSection
	GlobalSection(SolutionProperties) = preSolution
		HideSolutionNode = FALSE
	EndGlobalSection
	GlobalSection(ExtensibilityGlobals) = postSolution
		SolutionGuid = {8D0CB8EB-1E45-44B1-9D7F-50CBC7EFC554}
	EndGlobalSection
EndGlobal
